
Microsoft Visual Studio Solution File, Format Version 12.00
# Visual Studio 2013
VisualStudioVersion = 12.0.30501.0
MinimumVisualStudioVersion = 10.0.40219.1
Project("{FAE04EC0-301F-11D3-BF4B-00C04F79EFBC}") = "Server", "ConsoleApplication1\Server.csproj", "{79782C25-8D7E-43B9-951B-6C1808F175FB}"
EndProject
Project("{FAE04EC0-301F-11D3-BF4B-00C04F79EFBC}") = "Client", "ConsoleApplication2\Client.csproj", "{03C930BC-9423-4749-A360-77FADCF63B3B}"
EndProject
Project("{FAE04EC0-301F-11D3-BF4B-00C04F79EFBC}") = "ServerMulti2", "ConsoleApplication3\ServerMulti2.csproj", "{8501C778-BED6-48D3-84ED-CDB4C11DCB2F}"
EndProject
Global
	GlobalSection(SolutionConfigurationPlatforms) = preSolution
		Debug|Any CPU = Debug|Any CPU
		Release|Any CPU = Release|Any CPU
	EndGlobalSection
	GlobalSection(ProjectConfigurationPlatforms) = postSolution
		{79782C25-8D7E-43B9-951B-6C1808F175FB}.Debug|Any CPU.ActiveCfg = Debug|Any CPU
		{79782C25-8D7E-43B9-951B-6C1808F175FB}.Debug|Any CPU.Build.0 = Debug|Any CPU
		{79782C25-8D7E-43B9-951B-6C1808F175FB}.Release|Any CPU.ActiveCfg = Release|Any CPU
		{79782C25-8D7E-43B9-951B-6C1808F175FB}.Release|Any CPU.Build.0 = Release|Any CPU
		{03C930BC-9423-4749-A360-77FADCF63B3B}.Debug|Any CPU.ActiveCfg = Debug|Any CPU
		{03C930BC-9423-4749-A360-77FADCF63B3B}.Debug|Any CPU.Build.0 = Debug|Any CPU
		{03C930BC-9423-4749-A360-77FADCF63B3B}.Release|Any CPU.ActiveCfg = Release|Any CPU
		{03C930BC-9423-4749-A360-77FADCF63B3B}.Release|Any CPU.Build.0 = Release|Any CPU
		{8501C778-BED6-48D3-84ED-CDB4C11DCB2F}.Debug|Any CPU.ActiveCfg = Debug|Any CPU
		{8501C778-BED6-48D3-84ED-CDB4C11DCB2F}.Debug|Any CPU.Build.0 = Debug|Any CPU
		{8501C778-BED6-48D3-84ED-CDB4C11DCB2F}.Release|Any CPU.ActiveCfg = Release|Any CPU
		{8501C778-BED6-48D3-84ED-CDB4C11DCB2F}.Release|Any CPU.Build.0 = Release|Any CPU
	EndGlobalSection
	GlobalSection(SolutionProperties) = preSolution
		HideSolutionNode = FALSE
	EndGlobalSection
EndGlobal
